
Microsoft Visual Studio Solution File, Format Version 12.00
# Visual Studio Version 16
VisualStudioVersion = 16.0.31424.327
MinimumVisualStudioVersion = 10.0.40219.1
Project("{FAE04EC0-301F-11D3-BF4B-00C04F79EFBC}") = "DotNetCoreAPI", "DotNetCoreAPI\DotNetCoreAPI.csproj", "{AF2DB034-525A-48BC-AFE8-724254596377}"
EndProject
Global
	GlobalSection(SolutionConfigurationPlatforms) = preSolution
		Debug|Any CPU = Debug|Any CPU
		Release|Any CPU = Release|Any CPU
	EndGlobalSection
	GlobalSection(ProjectConfigurationPlatforms) = postSolution
		{AF2DB034-525A-48BC-AFE8-724254596377}.Debug|Any CPU.ActiveCfg = Debug|Any CPU
		{AF2DB034-525A-48BC-AFE8-724254596377}.Debug|Any CPU.Build.0 = Debug|Any CPU
		{AF2DB034-525A-48BC-AFE8-724254596377}.Release|Any CPU.ActiveCfg = Release|Any CPU
		{AF2DB034-525A-48BC-AFE8-724254596377}.Release|Any CPU.Build.0 = Release|Any CPU
	EndGlobalSection
	GlobalSection(SolutionProperties) = preSolution
		HideSolutionNode = FALSE
	EndGlobalSection
	GlobalSection(ExtensibilityGlobals) = postSolution
		SolutionGuid = {E1EFF0AE-7ADE-4FBB-8936-02FF85A66321}
	EndGlobalSection
EndGlobal
